
Microsoft Visual Studio Solution File, Format Version 12.00
# Visual Studio Version 17
VisualStudioVersion = 17.11.35312.102
MinimumVisualStudioVersion = 10.0.40219.1
Project("{888888A0-9F3D-457C-B088-3A5042F75D52}") = "VendoPy", "VendoPy.pyproj", "{B90C13E6-F344-46F2-898C-95EB73EF7005}"
EndProject
Global
	GlobalSection(SolutionConfigurationPlatforms) = preSolution
		Debug|Any CPU = Debug|Any CPU
		Release|Any CPU = Release|Any CPU
	EndGlobalSection
	GlobalSection(ProjectConfigurationPlatforms) = postSolution
		{B90C13E6-F344-46F2-898C-95EB73EF7005}.Debug|Any CPU.ActiveCfg = Debug|Any CPU
		{B90C13E6-F344-46F2-898C-95EB73EF7005}.Release|Any CPU.ActiveCfg = Release|Any CPU
	EndGlobalSection
	GlobalSection(SolutionProperties) = preSolution
		HideSolutionNode = FALSE
	EndGlobalSection
	GlobalSection(ExtensibilityGlobals) = postSolution
		SolutionGuid = {DD18116D-3E93-4C66-9B99-C17B0AA61481}
	EndGlobalSection
EndGlobal
